
Microsoft Visual Studio Solution File, Format Version 12.00
# Visual Studio 15
VisualStudioVersion = 15.0.26124.0
MinimumVisualStudioVersion = 15.0.26124.0
Project("{9A19103F-16F7-4668-BE54-9A1E7A4F7556}") = "R5T.Chalandri.Base.Construction", "R5T.Chalandri.Base.Construction\R5T.Chalandri.Base.Construction.csproj", "{33A29FC5-429A-4867-8A5B-20DD546F76D6}"
EndProject
Project("{9A19103F-16F7-4668-BE54-9A1E7A4F7556}") = "R5T.Chalandri.Base", "R5T.Chalandri.Base\R5T.Chalandri.Base.csproj", "{4A2B76B8-7EB9-4A10-9CBF-85AF4B9006AA}"
EndProject
Project("{2150E333-8FDC-42A3-9474-1A3956D46DE8}") = "_Dependencies", "_Dependencies", "{85B9CB43-F7DE-409C-A6C9-052422F0BC07}"
EndProject
Project("{9A19103F-16F7-4668-BE54-9A1E7A4F7556}") = "R5T.T0064", "..\..\R5T.T0064\source\R5T.T0064\R5T.T0064.csproj", "{3D2B67DC-858B-4304-B7A8-E8EF4F4D0A71}"
EndProject
Global
	GlobalSection(SolutionConfigurationPlatforms) = preSolution
		Debug|Any CPU = Debug|Any CPU
		Debug|x64 = Debug|x64
		Debug|x86 = Debug|x86
		Release|Any CPU = Release|Any CPU
		Release|x64 = Release|x64
		Release|x86 = Release|x86
	EndGlobalSection
	GlobalSection(ProjectConfigurationPlatforms) = postSolution
		{33A29FC5-429A-4867-8A5B-20DD546F76D6}.Debug|Any CPU.ActiveCfg = Debug|Any CPU
		{33A29FC5-429A-4867-8A5B-20DD546F76D6}.Debug|Any CPU.Build.0 = Debug|Any CPU
		{33A29FC5-429A-4867-8A5B-20DD546F76D6}.Debug|x64.ActiveCfg = Debug|Any CPU
		{33A29FC5-429A-4867-8A5B-20DD546F76D6}.Debug|x64.Build.0 = Debug|Any CPU
		{33A29FC5-429A-4867-8A5B-20DD546F76D6}.Debug|x86.ActiveCfg = Debug|Any CPU
		{33A29FC5-429A-4867-8A5B-20DD546F76D6}.Debug|x86.Build.0 = Debug|Any CPU
		{33A29FC5-429A-4867-8A5B-20DD546F76D6}.Release|Any CPU.ActiveCfg = Release|Any CPU
		{33A29FC5-429A-4867-8A5B-20DD546F76D6}.Release|Any CPU.Build.0 = Release|Any CPU
		{33A29FC5-429A-4867-8A5B-20DD546F76D6}.Release|x64.ActiveCfg = Release|Any CPU
		{33A29FC5-429A-4867-8A5B-20DD546F76D6}.Release|x64.Build.0 = Release|Any CPU
		{33A29FC5-429A-4867-8A5B-20DD546F76D6}.Release|x86.ActiveCfg = Release|Any CPU
		{33A29FC5-429A-4867-8A5B-20DD546F76D6}.Release|x86.Build.0 = Release|Any CPU
		{4A2B76B8-7EB9-4A10-9CBF-85AF4B9006AA}.Debug|Any CPU.ActiveCfg = Debug|Any CPU
		{4A2B76B8-7EB9-4A10-9CBF-85AF4B9006AA}.Debug|Any CPU.Build.0 = Debug|Any CPU
		{4A2B76B8-7EB9-4A10-9CBF-85AF4B9006AA}.Debug|x64.ActiveCfg = Debug|Any CPU
		{4A2B76B8-7EB9-4A10-9CBF-85AF4B9006AA}.Debug|x64.Build.0 = Debug|Any CPU
		{4A2B76B8-7EB9-4A10-9CBF-85AF4B9006AA}.Debug|x86.ActiveCfg = Debug|Any CPU
		{4A2B76B8-7EB9-4A10-9CBF-85AF4B9006AA}.Debug|x86.Build.0 = Debug|Any CPU
		{4A2B76B8-7EB9-4A10-9CBF-85AF4B9006AA}.Release|Any CPU.ActiveCfg = Release|Any CPU
		{4A2B76B8-7EB9-4A10-9CBF-85AF4B9006AA}.Release|Any CPU.Build.0 = Release|Any CPU
		{4A2B76B8-7EB9-4A10-9CBF-85AF4B9006AA}.Release|x64.ActiveCfg = Release|Any CPU
		{4A2B76B8-7EB9-4A10-9CBF-85AF4B9006AA}.Release|x64.Build.0 = Release|Any CPU
		{4A2B76B8-7EB9-4A10-9CBF-85AF4B9006AA}.Release|x86.ActiveCfg = Release|Any CPU
		{4A2B76B8-7EB9-4A10-9CBF-85AF4B9006AA}.Release|x86.Build.0 = Release|Any CPU
		{3D2B67DC-858B-4304-B7A8-E8EF4F4D0A71}.Debug|Any CPU.ActiveCfg = Debug|Any CPU
		{3D2B67DC-858B-4304-B7A8-E8EF4F4D0A71}.Debug|Any CPU.Build.0 = Debug|Any CPU
		{3D2B67DC-858B-4304-B7A8-E8EF4F4D0A71}.Debug|x64.ActiveCfg = Debug|Any CPU
		{3D2B67DC-858B-4304-B7A8-E8EF4F4D0A71}.Debug|x64.Build.0 = Debug|Any CPU
		{3D2B67DC-858B-4304-B7A8-E8EF4F4D0A71}.Debug|x86.ActiveCfg = Debug|Any CPU
		{3D2B67DC-858B-4304-B7A8-E8EF4F4D0A71}.Debug|x86.Build.0 = Debug|Any CPU
		{3D2B67DC-858B-4304-B7A8-E8EF4F4D0A71}.Release|Any CPU.ActiveCfg = Release|Any CPU
		{3D2B67DC-858B-4304-B7A8-E8EF4F4D0A71}.Release|Any CPU.Build.0 = Release|Any CPU
		{3D2B67DC-858B-4304-B7A8-E8EF4F4D0A71}.Release|x64.ActiveCfg = Release|Any CPU
		{3D2B67DC-858B-4304-B7A8-E8EF4F4D0A71}.Release|x64.Build.0 = Release|Any CPU
		{3D2B67DC-858B-4304-B7A8-E8EF4F4D0A71}.Release|x86.ActiveCfg = Release|Any CPU
		{3D2B67DC-858B-4304-B7A8-E8EF4F4D0A71}.Release|x86.Build.0 = Release|Any CPU
	EndGlobalSection
	GlobalSection(SolutionProperties) = preSolution
		HideSolutionNode = FALSE
	EndGlobalSection
	GlobalSection(NestedProjects) = preSolution
		{3D2B67DC-858B-4304-B7A8-E8EF4F4D0A71} = {85B9CB43-F7DE-409C-A6C9-052422F0BC07}
	EndGlobalSection
	GlobalSection(ExtensibilityGlobals) = postSolution
		SolutionGuid = {B6FEE734-4CBE-4909-BCD9-E10B1D5622DB}
	EndGlobalSection
EndGlobal
